
Microsoft Visual Studio Solution File, Format Version 12.00
# Visual Studio Version 16
VisualStudioVersion = 16.0.30128.74
MinimumVisualStudioVersion = 10.0.40219.1
Project("{FAE04EC0-301F-11D3-BF4B-00C04F79EFBC}") = "teleWeb2", "teleWeb2.csproj", "{A2E3FB4C-9366-495B-B398-AE954587153D}"
EndProject
Global
	GlobalSection(SolutionConfigurationPlatforms) = preSolution
		Debug|Any CPU = Debug|Any CPU
		Release|Any CPU = Release|Any CPU
	EndGlobalSection
	GlobalSection(ProjectConfigurationPlatforms) = postSolution
		{A2E3FB4C-9366-495B-B398-AE954587153D}.Debug|Any CPU.ActiveCfg = Debug|Any CPU
		{A2E3FB4C-9366-495B-B398-AE954587153D}.Debug|Any CPU.Build.0 = Debug|Any CPU
		{A2E3FB4C-9366-495B-B398-AE954587153D}.Release|Any CPU.ActiveCfg = Release|Any CPU
		{A2E3FB4C-9366-495B-B398-AE954587153D}.Release|Any CPU.Build.0 = Release|Any CPU
	EndGlobalSection
	GlobalSection(SolutionProperties) = preSolution
		HideSolutionNode = FALSE
	EndGlobalSection
	GlobalSection(ExtensibilityGlobals) = postSolution
		SolutionGuid = {4799502E-E7B5-4A09-9806-993493E02F7A}
	EndGlobalSection
EndGlobal
